lockfileVersion: '6.1'

settings:
  autoInstallPeers: true
  excludeLinksFromLockfile: false

dependencies:
  '@preact/signals':
    specifier: ^1.2.2
    version: 1.2.2(preact@10.19.3)
  preact:
    specifier: ^10.19.3
    version: 10.19.3

packages:

  /@preact/signals-core@1.5.1:
    resolution: {integrity: sha512-dE6f+WCX5ZUDwXzUIWNMhhglmuLpqJhuy3X3xHrhZYI0Hm2LyQwOu0l9mdPiWrVNsE+Q7txOnJPgtIqHCYoBVA==}
    dev: false

  /@preact/signals@1.2.2(preact@10.19.3):
    resolution: {integrity: sha512-ColCqdo4cRP18bAuIR4Oik5rDpiyFtPIJIygaYPMEAwTnl4buWkBOflGBSzhYyPyJfKpkwlekrvK+1pzQ2ldWw==}
    peerDependencies:
      preact: 10.x
    dependencies:
      '@preact/signals-core': 1.5.1
      preact: 10.19.3
    dev: false

  /preact@10.19.3:
    resolution: {integrity: sha512-nHHTeFVBTHRGxJXKkKu5hT8C/YWBkPso4/Gad6xuj5dbptt9iF9NZr9pHbPhBrnT2klheu7mHTxTZ/LjwJiEiQ==}
    dev: false
